
Microsoft Visual Studio Solution File, Format Version 12.00
# Visual Studio 2013
VisualStudioVersion = 12.0.31101.0
MinimumVisualStudioVersion = 10.0.40219.1
Project("{FAE04EC0-301F-11D3-BF4B-00C04F79EFBC}") = "VirtoCommerce.ApiClient", "Clients\VirtoCommerce.ApiClient\VirtoCommerce.ApiClient.csproj", "{F8466993-51A9-4093-B6A3-FAF7B1C9D620}"
EndProject
Project("{FAE04EC0-301F-11D3-BF4B-00C04F79EFBC}") = "VirtoCommerce.ApiClient.MarketTests", "Clients\VirtoCommerce.ApiClient.MarketTests\VirtoCommerce.ApiClient.MarketTests.csproj", "{8D562750-90E8-4F11-917F-3C42C734B4E6}"
EndProject
Project("{2150E333-8FDC-42A3-9474-1A3956D46DE8}") = ".nuget", ".nuget", "{B8661CBB-AAB9-4E64-B24C-B4B11A558AF6}"
	ProjectSection(SolutionItems) = preProject
		.nuget\NuGet.Config = .nuget\NuGet.Config
		.nuget\NuGet.exe = .nuget\NuGet.exe
		.nuget\NuGet.targets = .nuget\NuGet.targets
	EndProjectSection
EndProject
Project("{FAE04EC0-301F-11D3-BF4B-00C04F79EFBC}") = "MarketplaceWeb", "Clients\MarketplaceWeb\MarketplaceWeb.csproj", "{C31D2757-94F0-4720-9A59-208F2AFE979F}"
EndProject
Global
	GlobalSection(SolutionConfigurationPlatforms) = preSolution
		Debug|Any CPU = Debug|Any CPU
		Release|Any CPU = Release|Any CPU
	EndGlobalSection
	GlobalSection(ProjectConfigurationPlatforms) = postSolution
		{F8466993-51A9-4093-B6A3-FAF7B1C9D620}.Debug|Any CPU.ActiveCfg = Debug|Any CPU
		{F8466993-51A9-4093-B6A3-FAF7B1C9D620}.Debug|Any CPU.Build.0 = Debug|Any CPU
		{F8466993-51A9-4093-B6A3-FAF7B1C9D620}.Release|Any CPU.ActiveCfg = Release|Any CPU
		{F8466993-51A9-4093-B6A3-FAF7B1C9D620}.Release|Any CPU.Build.0 = Release|Any CPU
		{8D562750-90E8-4F11-917F-3C42C734B4E6}.Debug|Any CPU.ActiveCfg = Debug|Any CPU
		{8D562750-90E8-4F11-917F-3C42C734B4E6}.Debug|Any CPU.Build.0 = Debug|Any CPU
		{8D562750-90E8-4F11-917F-3C42C734B4E6}.Release|Any CPU.ActiveCfg = Release|Any CPU
		{8D562750-90E8-4F11-917F-3C42C734B4E6}.Release|Any CPU.Build.0 = Release|Any CPU
		{C31D2757-94F0-4720-9A59-208F2AFE979F}.Debug|Any CPU.ActiveCfg = Debug|Any CPU
		{C31D2757-94F0-4720-9A59-208F2AFE979F}.Debug|Any CPU.Build.0 = Debug|Any CPU
		{C31D2757-94F0-4720-9A59-208F2AFE979F}.Release|Any CPU.ActiveCfg = Release|Any CPU
		{C31D2757-94F0-4720-9A59-208F2AFE979F}.Release|Any CPU.Build.0 = Release|Any CPU
	EndGlobalSection
	GlobalSection(SolutionProperties) = preSolution
		HideSolutionNode = FALSE
	EndGlobalSection
EndGlobal
